<?xml version="1.0" encoding="utf-8"?>
<Project ToolsVersion="4.0" xmlns="http://schemas.microsoft.com/developer/msbuild/2003">
  <ItemGroup>
    <Filter Include="Resource Files">
      <UniqueIdentifier>{67DA6AB6-F800-4c08-8B7A-83BB121AAD01}</UniqueIdentifier>
      <Extensions>rc;ico;cur;bmp;dlg;rc2;rct;bin;rgs;gif;jpg;jpeg;jpe;resx;tiff;tif;png;wav;mfcribbon-ms</Extensions>
    </Filter>
    <Filter Include="Commands">
      <UniqueIdentifier>{34d50334-af86-4d25-bcbe-64b35f99617e}</UniqueIdentifier>
    </Filter>
    <Filter Include="Game Files">
      <UniqueIdentifier>{4FC737F1-C7A5-4376-A066-2A32D752A2FF}</UniqueIdentifier>
      <Extensions>cpp;c;cc;cxx;c++;cppm;ixx;def;odl;idl;hpj;bat;asm;asmx</Extensions>
    </Filter>
    <Filter Include="Components">
      <UniqueIdentifier>{69308ed8-f9bd-4794-a1bb-c827ddcacfff}</UniqueIdentifier>
    </Filter>
    <Filter Include="Components\UitilityComponents">
      <UniqueIdentifier>{76348911-b267-4bdb-8443-7113b62e0c4e}</UniqueIdentifier>
    </Filter>
    <Filter Include="Components\PlayerBasedComponents">
      <UniqueIdentifier>{085f8240-7c68-4d62-8bf9-73b35c16809c}</UniqueIdentifier>
    </Filter>
    <Filter Include="Components\PlayerBasedComponents\Debug">
      <UniqueIdentifier>{daa1d349-b4ae-4d5d-9504-fb6205205713}</UniqueIdentifier>
    </Filter>
    <Filter Include="Helper Files">
      <UniqueIdentifier>{50c55bc9-7b60-43e0-9898-c09eba9d4b4a}</UniqueIdentifier>
    </Filter>
    <Filter Include="Events">
      <UniqueIdentifier>{0e34436c-ae46-452f-a80c-47f9aadfad2d}</UniqueIdentifier>
    </Filter>
    <Filter Include="Components\Menu%27s">
      <UniqueIdentifier>{8c1aa4a2-e485-472e-ac03-6035ff982517}</UniqueIdentifier>
    </Filter>
    <Filter Include="States">
      <UniqueIdentifier>{6880fe8c-fb5d-4a00-8d73-bc4902e072d9}</UniqueIdentifier>
    </Filter>
    <Filter Include="States\Player">
      <UniqueIdentifier>{d30d6216-6310-40b8-9c56-036223f5d8ee}</UniqueIdentifier>
    </Filter>
    <Filter Include="States\Player\Base">
      <UniqueIdentifier>{953d79bd-5daa-4e0f-af5d-55d1dd72ec19}</UniqueIdentifier>
    </Filter>
    <Filter Include="Components\EnemyBasedComponents">
      <UniqueIdentifier>{2e4ec046-1d86-4992-95b3-2300607bd89a}</UniqueIdentifier>
    </Filter>
    <Filter Include="States\Enemy">
      <UniqueIdentifier>{0509ed33-df15-4f7c-b7a7-9b592b3577b5}</UniqueIdentifier>
    </Filter>
    <Filter Include="States\Enemy\Base">
      <UniqueIdentifier>{b0f3d747-f267-49ce-8dcf-51de2ea11574}</UniqueIdentifier>
    </Filter>
    <Filter Include="Commands\PlayerCommands">
      <UniqueIdentifier>{115c3526-3b08-45a9-bb7d-284bd45682db}</UniqueIdentifier>
    </Filter>
    <Filter Include="Commands\UtilityCommands">
      <UniqueIdentifier>{d3e651d1-f988-4f09-a5de-718235b36e98}</UniqueIdentifier>
    </Filter>
  </ItemGroup>
  <ItemGroup>
    <ClCompile Include="Main.cpp">
      <Filter>Game Files</Filter>
    </ClCompile>
    <ClCompile Include="DebugLivesComponent.cpp">
      <Filter>Components\PlayerBasedComponents\Debug</Filter>
    </ClCompile>
    <ClCompile Include="DebugScoreComponent.cpp">
      <Filter>Components\PlayerBasedComponents\Debug</Filter>
    </ClCompile>
    <ClCompile Include="LivesComponent.cpp">
      <Filter>Components\PlayerBasedComponents</Filter>
    </ClCompile>
    <ClCompile Include="ScoreComponent.cpp">
      <Filter>Components\PlayerBasedComponents</Filter>
    </ClCompile>
    <ClCompile Include="HowToPlayComponent.cpp">
      <Filter>Components\UitilityComponents</Filter>
    </ClCompile>
    <ClCompile Include="GridComponent.cpp">
      <Filter>Components\UitilityComponents</Filter>
    </ClCompile>
    <ClCompile Include="LevelLoaderComponent.cpp">
      <Filter>Components\UitilityComponents</Filter>
    </ClCompile>
    <ClCompile Include="PlayerManager.cpp">
      <Filter>Helper Files</Filter>
    </ClCompile>
    <ClCompile Include="PlayerSpawnComponent.cpp">
      <Filter>Components\UitilityComponents</Filter>
    </ClCompile>
    <ClCompile Include="MainMenuComponent.cpp">
      <Filter>Components\Menu%27s</Filter>
    </ClCompile>
    <ClCompile Include="EndMenuComponent.cpp">
      <Filter>Components\Menu%27s</Filter>
    </ClCompile>
    <ClCompile Include="PlayerComponent.cpp">
      <Filter>Components\PlayerBasedComponents</Filter>
    </ClCompile>
    <ClCompile Include="PlayerRunningState.cpp">
      <Filter>States\Player</Filter>
    </ClCompile>
    <ClCompile Include="PlayerJumpingState.cpp">
      <Filter>States\Player</Filter>
    </ClCompile>
    <ClCompile Include="PlayerFallingState.cpp">
      <Filter>States\Player</Filter>
    </ClCompile>
    <ClCompile Include="PlayerDeathState.cpp">
      <Filter>States\Player</Filter>
    </ClCompile>
    <ClCompile Include="EnemySpawnComponent.cpp">
      <Filter>Components\UitilityComponents</Filter>
    </ClCompile>
    <ClCompile Include="EnemyManager.cpp">
      <Filter>Helper Files</Filter>
    </ClCompile>
    <ClCompile Include="EnemyComponent.cpp">
      <Filter>Components\EnemyBasedComponents</Filter>
    </ClCompile>
    <ClCompile Include="EnemyRunningState.cpp">
      <Filter>States\Enemy</Filter>
    </ClCompile>
    <ClCompile Include="EnemyJumpingState.cpp">
      <Filter>States\Enemy</Filter>
    </ClCompile>
    <ClCompile Include="EnemyFallingState.cpp">
      <Filter>States\Enemy</Filter>
    </ClCompile>
    <ClCompile Include="EnemyBubbleState.cpp">
      <Filter>States\Enemy</Filter>
    </ClCompile>
    <ClCompile Include="EnemyDeathState.cpp">
      <Filter>States\Enemy</Filter>
    </ClCompile>
    <ClCompile Include="MoveCommand.cpp">
      <Filter>Commands\PlayerCommands</Filter>
    </ClCompile>
    <ClCompile Include="GoBackLevelCommand.cpp">
      <Filter>Commands\UtilityCommands</Filter>
    </ClCompile>
    <ClCompile Include="MuteCommand.cpp">
      <Filter>Commands\UtilityCommands</Filter>
    </ClCompile>
    <ClCompile Include="SkipLevelCommand.cpp">
      <Filter>Commands\UtilityCommands</Filter>
    </ClCompile>
    <ClCompile Include="ShootBubbleCommand.cpp">
      <Filter>Commands\PlayerCommands</Filter>
    </ClCompile>
    <ClCompile Include="BubbleComponent.cpp">
      <Filter>Components\PlayerBasedComponents</Filter>
    </ClCompile>
    <ClCompile Include="GameManager.cpp">
      <Filter>Helper Files</Filter>
    </ClCompile>
  </ItemGroup>
  <ItemGroup>
    <ClInclude Include="DebugLivesComponent.h">
      <Filter>Components\PlayerBasedComponents\Debug</Filter>
    </ClInclude>
    <ClInclude Include="DebugScoreComponent.h">
      <Filter>Components\PlayerBasedComponents\Debug</Filter>
    </ClInclude>
    <ClInclude Include="ScoreComponent.h">
      <Filter>Components\PlayerBasedComponents</Filter>
    </ClInclude>
    <ClInclude Include="LivesComponent.h">
      <Filter>Components\PlayerBasedComponents</Filter>
    </ClInclude>
    <ClInclude Include="HowToPlayComponent.h">
      <Filter>Components\UitilityComponents</Filter>
    </ClInclude>
    <ClInclude Include="GridComponent.h">
      <Filter>Components\UitilityComponents</Filter>
    </ClInclude>
    <ClInclude Include="LevelLoaderComponent.h">
      <Filter>Components\UitilityComponents</Filter>
    </ClInclude>
    <ClInclude Include="PlayerManager.h">
      <Filter>Helper Files</Filter>
    </ClInclude>
    <ClInclude Include="PlayerSpawnComponent.h">
      <Filter>Components\UitilityComponents</Filter>
    </ClInclude>
    <ClInclude Include="GameEvents.h">
      <Filter>Events</Filter>
    </ClInclude>
    <ClInclude Include="MainMenuComponent.h">
      <Filter>Components\Menu%27s</Filter>
    </ClInclude>
    <ClInclude Include="EndMenuComponent.h">
      <Filter>Components\Menu%27s</Filter>
    </ClInclude>
    <ClInclude Include="PlayerComponent.h">
      <Filter>Components\PlayerBasedComponents</Filter>
    </ClInclude>
    <ClInclude Include="PlayerState.h">
      <Filter>States\Player\Base</Filter>
    </ClInclude>
    <ClInclude Include="PlayerRunningState.h">
      <Filter>States\Player</Filter>
    </ClInclude>
    <ClInclude Include="PlayerJumpingState.h">
      <Filter>States\Player</Filter>
    </ClInclude>
    <ClInclude Include="PlayerFallingState.h">
      <Filter>States\Player</Filter>
    </ClInclude>
    <ClInclude Include="PlayerDeathState.h">
      <Filter>States\Player</Filter>
    </ClInclude>
    <ClInclude Include="EnemySpawnComponent.h">
      <Filter>Components\UitilityComponents</Filter>
    </ClInclude>
    <ClInclude Include="EnemyManager.h">
      <Filter>Helper Files</Filter>
    </ClInclude>
    <ClInclude Include="EnemyComponent.h">
      <Filter>Components\EnemyBasedComponents</Filter>
    </ClInclude>
    <ClInclude Include="EnemyState.h">
      <Filter>States\Enemy\Base</Filter>
    </ClInclude>
    <ClInclude Include="EnemyRunningState.h">
      <Filter>States\Enemy</Filter>
    </ClInclude>
    <ClInclude Include="EnemyJumpingState.h">
      <Filter>States\Enemy</Filter>
    </ClInclude>
    <ClInclude Include="EnemyFallingState.h">
      <Filter>States\Enemy</Filter>
    </ClInclude>
    <ClInclude Include="EnemyBubbleState.h">
      <Filter>States\Enemy</Filter>
    </ClInclude>
    <ClInclude Include="EnemyDeathState.h">
      <Filter>States\Enemy</Filter>
    </ClInclude>
    <ClInclude Include="MoveCommand.h">
      <Filter>Commands\PlayerCommands</Filter>
    </ClInclude>
    <ClInclude Include="GoBackLevelCommand.h">
      <Filter>Commands\UtilityCommands</Filter>
    </ClInclude>
    <ClInclude Include="MuteCommand.h">
      <Filter>Commands\UtilityCommands</Filter>
    </ClInclude>
    <ClInclude Include="SkipLevelCommand.h">
      <Filter>Commands\UtilityCommands</Filter>
    </ClInclude>
    <ClInclude Include="ShootBubbleCommand.h">
      <Filter>Commands\PlayerCommands</Filter>
    </ClInclude>
    <ClInclude Include="BubbleComponent.h">
      <Filter>Components\PlayerBasedComponents</Filter>
    </ClInclude>
    <ClInclude Include="GameManager.h">
      <Filter>Helper Files</Filter>
    </ClInclude>
  </ItemGroup>
</Project>