<?xml version="1.0" encoding="utf-8"?>
<Project ToolsVersion="4.0" xmlns="http://schemas.microsoft.com/developer/msbuild/2003">
  <ItemGroup>
    <Filter Include="Resource Files">
      <UniqueIdentifier>{67DA6AB6-F800-4c08-8B7A-83BB121AAD01}</UniqueIdentifier>
      <Extensions>rc;ico;cur;bmp;dlg;rc2;rct;bin;rgs;gif;jpg;jpeg;jpe;resx;tiff;tif;png;wav;mfcribbon-ms</Extensions>
    </Filter>
    <Filter Include="Components">
      <UniqueIdentifier>{71cc17c1-70c5-4a66-99cb-3e1e1e77708c}</UniqueIdentifier>
    </Filter>
    <Filter Include="Game Files">
      <UniqueIdentifier>{4FC737F1-C7A5-4376-A066-2A32D752A2FF}</UniqueIdentifier>
      <Extensions>cpp;c;cc;cxx;def;odl;idl;hpj;bat;asm;asmx</Extensions>
    </Filter>
    <Filter Include="imgui">
      <UniqueIdentifier>{4d000ea1-138e-4c53-9b86-1a34abe20bd1}</UniqueIdentifier>
    </Filter>
    <Filter Include="Helper Files">
      <UniqueIdentifier>{93995380-89BD-4b04-88EB-625FBE52EBFB}</UniqueIdentifier>
      <Extensions>h;hh;hpp;hxx;hm;inl;inc;xsd</Extensions>
    </Filter>
    <Filter Include="Helper Files\Singletons">
      <UniqueIdentifier>{40f683c5-0e99-4839-9f1b-146e9710af36}</UniqueIdentifier>
    </Filter>
    <Filter Include="Commands">
      <UniqueIdentifier>{cb8125d1-18c3-4024-bdff-2aecd754fc7e}</UniqueIdentifier>
    </Filter>
    <Filter Include="Components\BaseComponents">
      <UniqueIdentifier>{d9961336-51de-4ac9-a7e0-d536c4356db9}</UniqueIdentifier>
    </Filter>
    <Filter Include="Commands\BaseCommands">
      <UniqueIdentifier>{bae8fa76-5606-45bf-8d45-0cb757f924cd}</UniqueIdentifier>
    </Filter>
    <Filter Include="Events">
      <UniqueIdentifier>{2f1be6c2-337e-483a-8bd8-9d460c8d67c6}</UniqueIdentifier>
    </Filter>
    <Filter Include="Events\Observer">
      <UniqueIdentifier>{cd5606ab-501f-4ce9-a2cb-ba256a78ed6d}</UniqueIdentifier>
    </Filter>
    <Filter Include="Events\Observer\Base">
      <UniqueIdentifier>{26b5756b-dc57-47c4-a137-a388c610273d}</UniqueIdentifier>
    </Filter>
    <Filter Include="Events\Base">
      <UniqueIdentifier>{5f060b47-90ad-41bc-9122-1e3692f5b1a2}</UniqueIdentifier>
    </Filter>
    <Filter Include="Components\DeprecatedComponents">
      <UniqueIdentifier>{0604ed41-4e25-4676-afc5-5d4bc83b7c01}</UniqueIdentifier>
    </Filter>
    <Filter Include="Components\UtilityComponents">
      <UniqueIdentifier>{0c61f922-764c-4a6d-8ecc-e43db735a92d}</UniqueIdentifier>
    </Filter>
  </ItemGroup>
  <ItemGroup>
    <ClInclude Include="Texture2D.h">
      <Filter>Helper Files</Filter>
    </ClInclude>
    <ClInclude Include="Scene.h">
      <Filter>Helper Files</Filter>
    </ClInclude>
    <ClInclude Include="Font.h">
      <Filter>Helper Files</Filter>
    </ClInclude>
    <ClInclude Include="GameObject.h">
      <Filter>Game Files</Filter>
    </ClInclude>
    <ClInclude Include="Minigin.h">
      <Filter>Game Files</Filter>
    </ClInclude>
    <ClInclude Include="InputManager.h">
      <Filter>Helper Files\Singletons</Filter>
    </ClInclude>
    <ClInclude Include="Renderer.h">
      <Filter>Helper Files\Singletons</Filter>
    </ClInclude>
    <ClInclude Include="ResourceManager.h">
      <Filter>Helper Files\Singletons</Filter>
    </ClInclude>
    <ClInclude Include="SceneManager.h">
      <Filter>Helper Files\Singletons</Filter>
    </ClInclude>
    <ClInclude Include="Singleton.h">
      <Filter>Helper Files\Singletons</Filter>
    </ClInclude>
    <ClInclude Include="GameTime.h">
      <Filter>Helper Files\Singletons</Filter>
    </ClInclude>
    <ClInclude Include="..\3rdParty\imgui\imconfig.h">
      <Filter>imgui</Filter>
    </ClInclude>
    <ClInclude Include="..\3rdParty\imgui\imgui.h">
      <Filter>imgui</Filter>
    </ClInclude>
    <ClInclude Include="..\3rdParty\imgui\imgui_internal.h">
      <Filter>imgui</Filter>
    </ClInclude>
    <ClInclude Include="..\3rdParty\imgui\imstb_rectpack.h">
      <Filter>imgui</Filter>
    </ClInclude>
    <ClInclude Include="..\3rdParty\imgui\imstb_textedit.h">
      <Filter>imgui</Filter>
    </ClInclude>
    <ClInclude Include="..\3rdParty\imgui\imstb_truetype.h">
      <Filter>imgui</Filter>
    </ClInclude>
    <ClInclude Include="..\3rdParty\imgui\backends\imgui_impl_opengl2.h">
      <Filter>imgui</Filter>
    </ClInclude>
    <ClInclude Include="..\3rdParty\imgui\backends\imgui_impl_sdl2.h">
      <Filter>imgui</Filter>
    </ClInclude>
    <ClInclude Include="..\3rdParty\imgui\imgui_plot.h">
      <Filter>imgui</Filter>
    </ClInclude>
    <ClInclude Include="Controller.h">
      <Filter>Helper Files</Filter>
    </ClInclude>
    <ClInclude Include="BaseComponent.h">
      <Filter>Components\BaseComponents</Filter>
    </ClInclude>
    <ClInclude Include="RenderComponent.h">
      <Filter>Components\BaseComponents</Filter>
    </ClInclude>
    <ClInclude Include="UpdateComponent.h">
      <Filter>Components\BaseComponents</Filter>
    </ClInclude>
    <ClInclude Include="Command.h">
      <Filter>Commands\BaseCommands</Filter>
    </ClInclude>
    <ClInclude Include="Axis2DCommand.h">
      <Filter>Commands\BaseCommands</Filter>
    </ClInclude>
    <ClInclude Include="AxisCommand.h">
      <Filter>Commands\BaseCommands</Filter>
    </ClInclude>
    <ClInclude Include="Observer.h">
      <Filter>Events\Observer\Base</Filter>
    </ClInclude>
    <ClInclude Include="Event.h">
      <Filter>Events\Base</Filter>
    </ClInclude>
    <ClInclude Include="EngineEvents.h">
      <Filter>Events</Filter>
    </ClInclude>
    <ClInclude Include="Subject.h">
      <Filter>Events\Observer\Base</Filter>
    </ClInclude>
    <ClInclude Include="TrashTheCache_IntegerComponent.h">
      <Filter>Components\DeprecatedComponents</Filter>
    </ClInclude>
    <ClInclude Include="TrashTheCache_GameObjComponent.h">
      <Filter>Components\DeprecatedComponents</Filter>
    </ClInclude>
    <ClInclude Include="RotatorComponent.h">
      <Filter>Components\DeprecatedComponents</Filter>
    </ClInclude>
    <ClInclude Include="FPSComponent.h">
      <Filter>Components\UtilityComponents</Filter>
    </ClInclude>
    <ClInclude Include="TextComponent.h">
      <Filter>Components\UtilityComponents</Filter>
    </ClInclude>
    <ClInclude Include="TextureComponent.h">
      <Filter>Components\UtilityComponents</Filter>
    </ClInclude>
    <ClInclude Include="TransformComponent.h">
      <Filter>Components\UtilityComponents</Filter>
    </ClInclude>
  </ItemGroup>
  <ItemGroup>
    <ClCompile Include="Font.cpp">
      <Filter>Helper Files</Filter>
    </ClCompile>
    <ClCompile Include="Scene.cpp">
      <Filter>Helper Files</Filter>
    </ClCompile>
    <ClCompile Include="Texture2D.cpp">
      <Filter>Helper Files</Filter>
    </ClCompile>
    <ClCompile Include="GameObject.cpp">
      <Filter>Game Files</Filter>
    </ClCompile>
    <ClCompile Include="Minigin.cpp">
      <Filter>Game Files</Filter>
    </ClCompile>
    <ClCompile Include="InputManager.cpp">
      <Filter>Helper Files\Singletons</Filter>
    </ClCompile>
    <ClCompile Include="Renderer.cpp">
      <Filter>Helper Files\Singletons</Filter>
    </ClCompile>
    <ClCompile Include="ResourceManager.cpp">
      <Filter>Helper Files\Singletons</Filter>
    </ClCompile>
    <ClCompile Include="SceneManager.cpp">
      <Filter>Helper Files\Singletons</Filter>
    </ClCompile>
    <ClCompile Include="GameTime.cpp">
      <Filter>Helper Files\Singletons</Filter>
    </ClCompile>
    <ClCompile Include="..\3rdParty\imgui\imgui.cpp">
      <Filter>imgui</Filter>
    </ClCompile>
    <ClCompile Include="..\3rdParty\imgui\imgui_demo.cpp">
      <Filter>imgui</Filter>
    </ClCompile>
    <ClCompile Include="..\3rdParty\imgui\imgui_draw.cpp">
      <Filter>imgui</Filter>
    </ClCompile>
    <ClCompile Include="..\3rdParty\imgui\imgui_tables.cpp">
      <Filter>imgui</Filter>
    </ClCompile>
    <ClCompile Include="..\3rdParty\imgui\imgui_widgets.cpp">
      <Filter>imgui</Filter>
    </ClCompile>
    <ClCompile Include="..\3rdParty\imgui\backends\imgui_impl_opengl2.cpp">
      <Filter>imgui</Filter>
    </ClCompile>
    <ClCompile Include="..\3rdParty\imgui\backends\imgui_impl_sdl2.cpp">
      <Filter>imgui</Filter>
    </ClCompile>
    <ClCompile Include="..\3rdParty\imgui\imgui_plot.cpp">
      <Filter>imgui</Filter>
    </ClCompile>
    <ClCompile Include="Controller.cpp">
      <Filter>Helper Files</Filter>
    </ClCompile>
    <ClCompile Include="BaseComponent.cpp">
      <Filter>Components\BaseComponents</Filter>
    </ClCompile>
    <ClCompile Include="UpdateComponent.cpp">
      <Filter>Components\BaseComponents</Filter>
    </ClCompile>
    <ClCompile Include="Command.cpp">
      <Filter>Commands\BaseCommands</Filter>
    </ClCompile>
    <ClCompile Include="Axis2DCommand.cpp">
      <Filter>Commands\BaseCommands</Filter>
    </ClCompile>
    <ClCompile Include="AxisCommand.cpp">
      <Filter>Commands\BaseCommands</Filter>
    </ClCompile>
    <ClCompile Include="Observer.cpp">
      <Filter>Events\Observer\Base</Filter>
    </ClCompile>
    <ClCompile Include="Event.cpp">
      <Filter>Events\Base</Filter>
    </ClCompile>
    <ClCompile Include="Subject.cpp">
      <Filter>Events\Observer\Base</Filter>
    </ClCompile>
    <ClCompile Include="RenderComponent.cpp">
      <Filter>Components\BaseComponents</Filter>
    </ClCompile>
    <ClCompile Include="TrashTheCache_IntegerComponent.cpp">
      <Filter>Components\DeprecatedComponents</Filter>
    </ClCompile>
    <ClCompile Include="TrashTheCache_GameObjComponent.cpp">
      <Filter>Components\DeprecatedComponents</Filter>
    </ClCompile>
    <ClCompile Include="RotatorComponent.cpp">
      <Filter>Components\DeprecatedComponents</Filter>
    </ClCompile>
    <ClCompile Include="FPSComponent.cpp">
      <Filter>Components\UtilityComponents</Filter>
    </ClCompile>
    <ClCompile Include="TextComponent.cpp">
      <Filter>Components\UtilityComponents</Filter>
    </ClCompile>
    <ClCompile Include="TextureComponent.cpp">
      <Filter>Components\UtilityComponents</Filter>
    </ClCompile>
    <ClCompile Include="TransformComponent.cpp">
      <Filter>Components\UtilityComponents</Filter>
    </ClCompile>
  </ItemGroup>
</Project>